
Microsoft Visual Studio Solution File, Format Version 12.00
# Visual Studio Version 17
VisualStudioVersion = 17.6.33815.320
MinimumVisualStudioVersion = 10.0.40219.1
Project("{9A19103F-16F7-4668-BE54-9A1E7A4F7556}") = "Memento", "Memento\Memento.csproj", "{AAE429C1-368D-4CD0-AE26-FF01C0B50F95}"
EndProject
Project("{9A19103F-16F7-4668-BE54-9A1E7A4F7556}") = "State", "State\State.csproj", "{51122B2D-A251-4D89-84B7-57DF6CD74D61}"
EndProject
Project("{9A19103F-16F7-4668-BE54-9A1E7A4F7556}") = "Iterator", "Iterator\Iterator.csproj", "{ADB1BDE8-7A0F-49DC-A7CC-8580C0DBFFA2}"
EndProject
Project("{9A19103F-16F7-4668-BE54-9A1E7A4F7556}") = "Strategy", "Strategy\Strategy.csproj", "{BEA3243E-54C5-4864-8CB8-B0E2FDF3503E}"
EndProject
Project("{9A19103F-16F7-4668-BE54-9A1E7A4F7556}") = "TemplateMethod", "TemplateMethod\TemplateMethod.csproj", "{F1B5F0BE-8FE0-46CC-8341-F9B740297B22}"
EndProject
Project("{9A19103F-16F7-4668-BE54-9A1E7A4F7556}") = "Command", "Command\Command.csproj", "{1B0E221D-75F9-4B4D-AD0B-7E26958E7E53}"
EndProject
Project("{9A19103F-16F7-4668-BE54-9A1E7A4F7556}") = "Observer", "Observer\Observer.csproj", "{0B19120C-8FBF-4E25-B162-6A30B910F858}"
EndProject
Project("{9A19103F-16F7-4668-BE54-9A1E7A4F7556}") = "Mediator", "Mediator\Mediator.csproj", "{5AF93341-B9FA-4DD7-8A3A-5C11761A3867}"
EndProject
Project("{9A19103F-16F7-4668-BE54-9A1E7A4F7556}") = "ChainOfResponsibility", "ChainOfResponsibility\ChainOfResponsibility.csproj", "{A36ECCE7-408B-41B4-ADC8-0D059F096CAD}"
EndProject
Project("{9A19103F-16F7-4668-BE54-9A1E7A4F7556}") = "Visitor", "Visitor\Visitor.csproj", "{12FE54DD-3049-4F85-A961-32BA5A8756CE}"
EndProject
Project("{9A19103F-16F7-4668-BE54-9A1E7A4F7556}") = "Composite", "Composite\Composite.csproj", "{9880976E-DC3E-4121-9512-136F437565AF}"
EndProject
Project("{9A19103F-16F7-4668-BE54-9A1E7A4F7556}") = "Adapter", "Adapter\Adapter.csproj", "{4AE36B27-19BB-4457-BCBD-5A275A60DB1D}"
EndProject
Project("{9A19103F-16F7-4668-BE54-9A1E7A4F7556}") = "Decorator", "Decorator\Decorator.csproj", "{F112FCCB-4B7F-4A34-9F3E-AE8D205774D8}"
EndProject
Project("{9A19103F-16F7-4668-BE54-9A1E7A4F7556}") = "Facade", "Facade\Facade.csproj", "{44E831F1-8550-424B-A8CD-ACD30A2663DD}"
EndProject
Project("{9A19103F-16F7-4668-BE54-9A1E7A4F7556}") = "Flyweight", "Flyweight\Flyweight.csproj", "{942A53FD-4137-483F-9E2B-400A4F5A7D62}"
EndProject
Project("{9A19103F-16F7-4668-BE54-9A1E7A4F7556}") = "Proxy", "Proxy\Proxy.csproj", "{0E8A2DF2-74C3-4563-99C7-80F75CD85ED0}"
EndProject
Project("{9A19103F-16F7-4668-BE54-9A1E7A4F7556}") = "Prototype", "Prototype\Prototype.csproj", "{523EF896-B727-436D-86EB-0FF8010D416D}"
EndProject
Project("{9A19103F-16F7-4668-BE54-9A1E7A4F7556}") = "Singleton", "Singleton\Singleton.csproj", "{2F5D3534-D1D0-40CB-8F0E-FD52718A2B1E}"
EndProject
Project("{FAE04EC0-301F-11D3-BF4B-00C04F79EFBC}") = "FactoryMethod", "FactoryMethod\FactoryMethod.csproj", "{99943D20-A2EE-4DC7-B2DB-9A994D9F7949}"
EndProject
Global
	GlobalSection(SolutionConfigurationPlatforms) = preSolution
		Debug|Any CPU = Debug|Any CPU
		Release|Any CPU = Release|Any CPU
	EndGlobalSection
	GlobalSection(ProjectConfigurationPlatforms) = postSolution
		{AAE429C1-368D-4CD0-AE26-FF01C0B50F95}.Debug|Any CPU.ActiveCfg = Debug|Any CPU
		{AAE429C1-368D-4CD0-AE26-FF01C0B50F95}.Debug|Any CPU.Build.0 = Debug|Any CPU
		{AAE429C1-368D-4CD0-AE26-FF01C0B50F95}.Release|Any CPU.ActiveCfg = Release|Any CPU
		{AAE429C1-368D-4CD0-AE26-FF01C0B50F95}.Release|Any CPU.Build.0 = Release|Any CPU
		{51122B2D-A251-4D89-84B7-57DF6CD74D61}.Debug|Any CPU.ActiveCfg = Debug|Any CPU
		{51122B2D-A251-4D89-84B7-57DF6CD74D61}.Debug|Any CPU.Build.0 = Debug|Any CPU
		{51122B2D-A251-4D89-84B7-57DF6CD74D61}.Release|Any CPU.ActiveCfg = Release|Any CPU
		{51122B2D-A251-4D89-84B7-57DF6CD74D61}.Release|Any CPU.Build.0 = Release|Any CPU
		{ADB1BDE8-7A0F-49DC-A7CC-8580C0DBFFA2}.Debug|Any CPU.ActiveCfg = Debug|Any CPU
		{ADB1BDE8-7A0F-49DC-A7CC-8580C0DBFFA2}.Debug|Any CPU.Build.0 = Debug|Any CPU
		{ADB1BDE8-7A0F-49DC-A7CC-8580C0DBFFA2}.Release|Any CPU.ActiveCfg = Release|Any CPU
		{ADB1BDE8-7A0F-49DC-A7CC-8580C0DBFFA2}.Release|Any CPU.Build.0 = Release|Any CPU
		{BEA3243E-54C5-4864-8CB8-B0E2FDF3503E}.Debug|Any CPU.ActiveCfg = Debug|Any CPU
		{BEA3243E-54C5-4864-8CB8-B0E2FDF3503E}.Debug|Any CPU.Build.0 = Debug|Any CPU
		{BEA3243E-54C5-4864-8CB8-B0E2FDF3503E}.Release|Any CPU.ActiveCfg = Release|Any CPU
		{BEA3243E-54C5-4864-8CB8-B0E2FDF3503E}.Release|Any CPU.Build.0 = Release|Any CPU
		{F1B5F0BE-8FE0-46CC-8341-F9B740297B22}.Debug|Any CPU.ActiveCfg = Debug|Any CPU
		{F1B5F0BE-8FE0-46CC-8341-F9B740297B22}.Debug|Any CPU.Build.0 = Debug|Any CPU
		{F1B5F0BE-8FE0-46CC-8341-F9B740297B22}.Release|Any CPU.ActiveCfg = Release|Any CPU
		{F1B5F0BE-8FE0-46CC-8341-F9B740297B22}.Release|Any CPU.Build.0 = Release|Any CPU
		{1B0E221D-75F9-4B4D-AD0B-7E26958E7E53}.Debug|Any CPU.ActiveCfg = Debug|Any CPU
		{1B0E221D-75F9-4B4D-AD0B-7E26958E7E53}.Debug|Any CPU.Build.0 = Debug|Any CPU
		{1B0E221D-75F9-4B4D-AD0B-7E26958E7E53}.Release|Any CPU.ActiveCfg = Release|Any CPU
		{1B0E221D-75F9-4B4D-AD0B-7E26958E7E53}.Release|Any CPU.Build.0 = Release|Any CPU
		{0B19120C-8FBF-4E25-B162-6A30B910F858}.Debug|Any CPU.ActiveCfg = Debug|Any CPU
		{0B19120C-8FBF-4E25-B162-6A30B910F858}.Debug|Any CPU.Build.0 = Debug|Any CPU
		{0B19120C-8FBF-4E25-B162-6A30B910F858}.Release|Any CPU.ActiveCfg = Release|Any CPU
		{0B19120C-8FBF-4E25-B162-6A30B910F858}.Release|Any CPU.Build.0 = Release|Any CPU
		{5AF93341-B9FA-4DD7-8A3A-5C11761A3867}.Debug|Any CPU.ActiveCfg = Debug|Any CPU
		{5AF93341-B9FA-4DD7-8A3A-5C11761A3867}.Debug|Any CPU.Build.0 = Debug|Any CPU
		{5AF93341-B9FA-4DD7-8A3A-5C11761A3867}.Release|Any CPU.ActiveCfg = Release|Any CPU
		{5AF93341-B9FA-4DD7-8A3A-5C11761A3867}.Release|Any CPU.Build.0 = Release|Any CPU
		{A36ECCE7-408B-41B4-ADC8-0D059F096CAD}.Debug|Any CPU.ActiveCfg = Debug|Any CPU
		{A36ECCE7-408B-41B4-ADC8-0D059F096CAD}.Debug|Any CPU.Build.0 = Debug|Any CPU
		{A36ECCE7-408B-41B4-ADC8-0D059F096CAD}.Release|Any CPU.ActiveCfg = Release|Any CPU
		{A36ECCE7-408B-41B4-ADC8-0D059F096CAD}.Release|Any CPU.Build.0 = Release|Any CPU
		{12FE54DD-3049-4F85-A961-32BA5A8756CE}.Debug|Any CPU.ActiveCfg = Debug|Any CPU
		{12FE54DD-3049-4F85-A961-32BA5A8756CE}.Debug|Any CPU.Build.0 = Debug|Any CPU
		{12FE54DD-3049-4F85-A961-32BA5A8756CE}.Release|Any CPU.ActiveCfg = Release|Any CPU
		{12FE54DD-3049-4F85-A961-32BA5A8756CE}.Release|Any CPU.Build.0 = Release|Any CPU
		{9880976E-DC3E-4121-9512-136F437565AF}.Debug|Any CPU.ActiveCfg = Debug|Any CPU
		{9880976E-DC3E-4121-9512-136F437565AF}.Debug|Any CPU.Build.0 = Debug|Any CPU
		{9880976E-DC3E-4121-9512-136F437565AF}.Release|Any CPU.ActiveCfg = Release|Any CPU
		{9880976E-DC3E-4121-9512-136F437565AF}.Release|Any CPU.Build.0 = Release|Any CPU
		{4AE36B27-19BB-4457-BCBD-5A275A60DB1D}.Debug|Any CPU.ActiveCfg = Debug|Any CPU
		{4AE36B27-19BB-4457-BCBD-5A275A60DB1D}.Debug|Any CPU.Build.0 = Debug|Any CPU
		{4AE36B27-19BB-4457-BCBD-5A275A60DB1D}.Release|Any CPU.ActiveCfg = Release|Any CPU
		{4AE36B27-19BB-4457-BCBD-5A275A60DB1D}.Release|Any CPU.Build.0 = Release|Any CPU
		{F112FCCB-4B7F-4A34-9F3E-AE8D205774D8}.Debug|Any CPU.ActiveCfg = Debug|Any CPU
		{F112FCCB-4B7F-4A34-9F3E-AE8D205774D8}.Debug|Any CPU.Build.0 = Debug|Any CPU
		{F112FCCB-4B7F-4A34-9F3E-AE8D205774D8}.Release|Any CPU.ActiveCfg = Release|Any CPU
		{F112FCCB-4B7F-4A34-9F3E-AE8D205774D8}.Release|Any CPU.Build.0 = Release|Any CPU
		{44E831F1-8550-424B-A8CD-ACD30A2663DD}.Debug|Any CPU.ActiveCfg = Debug|Any CPU
		{44E831F1-8550-424B-A8CD-ACD30A2663DD}.Debug|Any CPU.Build.0 = Debug|Any CPU
		{44E831F1-8550-424B-A8CD-ACD30A2663DD}.Release|Any CPU.ActiveCfg = Release|Any CPU
		{44E831F1-8550-424B-A8CD-ACD30A2663DD}.Release|Any CPU.Build.0 = Release|Any CPU
		{942A53FD-4137-483F-9E2B-400A4F5A7D62}.Debug|Any CPU.ActiveCfg = Debug|Any CPU
		{942A53FD-4137-483F-9E2B-400A4F5A7D62}.Debug|Any CPU.Build.0 = Debug|Any CPU
		{942A53FD-4137-483F-9E2B-400A4F5A7D62}.Release|Any CPU.ActiveCfg = Release|Any CPU
		{942A53FD-4137-483F-9E2B-400A4F5A7D62}.Release|Any CPU.Build.0 = Release|Any CPU
		{0E8A2DF2-74C3-4563-99C7-80F75CD85ED0}.Debug|Any CPU.ActiveCfg = Debug|Any CPU
		{0E8A2DF2-74C3-4563-99C7-80F75CD85ED0}.Debug|Any CPU.Build.0 = Debug|Any CPU
		{0E8A2DF2-74C3-4563-99C7-80F75CD85ED0}.Release|Any CPU.ActiveCfg = Release|Any CPU
		{0E8A2DF2-74C3-4563-99C7-80F75CD85ED0}.Release|Any CPU.Build.0 = Release|Any CPU
		{523EF896-B727-436D-86EB-0FF8010D416D}.Debug|Any CPU.ActiveCfg = Debug|Any CPU
		{523EF896-B727-436D-86EB-0FF8010D416D}.Debug|Any CPU.Build.0 = Debug|Any CPU
		{523EF896-B727-436D-86EB-0FF8010D416D}.Release|Any CPU.ActiveCfg = Release|Any CPU
		{523EF896-B727-436D-86EB-0FF8010D416D}.Release|Any CPU.Build.0 = Release|Any CPU
		{2F5D3534-D1D0-40CB-8F0E-FD52718A2B1E}.Debug|Any CPU.ActiveCfg = Debug|Any CPU
		{2F5D3534-D1D0-40CB-8F0E-FD52718A2B1E}.Debug|Any CPU.Build.0 = Debug|Any CPU
		{2F5D3534-D1D0-40CB-8F0E-FD52718A2B1E}.Release|Any CPU.ActiveCfg = Release|Any CPU
		{2F5D3534-D1D0-40CB-8F0E-FD52718A2B1E}.Release|Any CPU.Build.0 = Release|Any CPU
		{99943D20-A2EE-4DC7-B2DB-9A994D9F7949}.Debug|Any CPU.ActiveCfg = Debug|Any CPU
		{99943D20-A2EE-4DC7-B2DB-9A994D9F7949}.Debug|Any CPU.Build.0 = Debug|Any CPU
		{99943D20-A2EE-4DC7-B2DB-9A994D9F7949}.Release|Any CPU.ActiveCfg = Release|Any CPU
		{99943D20-A2EE-4DC7-B2DB-9A994D9F7949}.Release|Any CPU.Build.0 = Release|Any CPU
	EndGlobalSection
	GlobalSection(SolutionProperties) = preSolution
		HideSolutionNode = FALSE
	EndGlobalSection
	GlobalSection(ExtensibilityGlobals) = postSolution
		SolutionGuid = {831302BC-5CCC-412B-8FA3-737479C723C6}
	EndGlobalSection
EndGlobal
