
Microsoft Visual Studio Solution File, Format Version 12.00
# Visual Studio Version 17
VisualStudioVersion = 17.6.33815.320
MinimumVisualStudioVersion = 10.0.40219.1
Project("{9A19103F-16F7-4668-BE54-9A1E7A4F7556}") = "Memento", "Memento\Memento.csproj", "{AAE429C1-368D-4CD0-AE26-FF01C0B50F95}"
EndProject
Project("{9A19103F-16F7-4668-BE54-9A1E7A4F7556}") = "State", "State\State.csproj", "{51122B2D-A251-4D89-84B7-57DF6CD74D61}"
EndProject
Project("{9A19103F-16F7-4668-BE54-9A1E7A4F7556}") = "Iterator", "Iterator\Iterator.csproj", "{ADB1BDE8-7A0F-49DC-A7CC-8580C0DBFFA2}"
EndProject
Project("{FAE04EC0-301F-11D3-BF4B-00C04F79EFBC}") = "Strategy", "Strategy\Strategy.csproj", "{BEA3243E-54C5-4864-8CB8-B0E2FDF3503E}"
EndProject
Global
	GlobalSection(SolutionConfigurationPlatforms) = preSolution
		Debug|Any CPU = Debug|Any CPU
		Release|Any CPU = Release|Any CPU
	EndGlobalSection
	GlobalSection(ProjectConfigurationPlatforms) = postSolution
		{AAE429C1-368D-4CD0-AE26-FF01C0B50F95}.Debug|Any CPU.ActiveCfg = Debug|Any CPU
		{AAE429C1-368D-4CD0-AE26-FF01C0B50F95}.Debug|Any CPU.Build.0 = Debug|Any CPU
		{AAE429C1-368D-4CD0-AE26-FF01C0B50F95}.Release|Any CPU.ActiveCfg = Release|Any CPU
		{AAE429C1-368D-4CD0-AE26-FF01C0B50F95}.Release|Any CPU.Build.0 = Release|Any CPU
		{51122B2D-A251-4D89-84B7-57DF6CD74D61}.Debug|Any CPU.ActiveCfg = Debug|Any CPU
		{51122B2D-A251-4D89-84B7-57DF6CD74D61}.Debug|Any CPU.Build.0 = Debug|Any CPU
		{51122B2D-A251-4D89-84B7-57DF6CD74D61}.Release|Any CPU.ActiveCfg = Release|Any CPU
		{51122B2D-A251-4D89-84B7-57DF6CD74D61}.Release|Any CPU.Build.0 = Release|Any CPU
		{ADB1BDE8-7A0F-49DC-A7CC-8580C0DBFFA2}.Debug|Any CPU.ActiveCfg = Debug|Any CPU
		{ADB1BDE8-7A0F-49DC-A7CC-8580C0DBFFA2}.Debug|Any CPU.Build.0 = Debug|Any CPU
		{ADB1BDE8-7A0F-49DC-A7CC-8580C0DBFFA2}.Release|Any CPU.ActiveCfg = Release|Any CPU
		{ADB1BDE8-7A0F-49DC-A7CC-8580C0DBFFA2}.Release|Any CPU.Build.0 = Release|Any CPU
		{BEA3243E-54C5-4864-8CB8-B0E2FDF3503E}.Debug|Any CPU.ActiveCfg = Debug|Any CPU
		{BEA3243E-54C5-4864-8CB8-B0E2FDF3503E}.Debug|Any CPU.Build.0 = Debug|Any CPU
		{BEA3243E-54C5-4864-8CB8-B0E2FDF3503E}.Release|Any CPU.ActiveCfg = Release|Any CPU
		{BEA3243E-54C5-4864-8CB8-B0E2FDF3503E}.Release|Any CPU.Build.0 = Release|Any CPU
	EndGlobalSection
	GlobalSection(SolutionProperties) = preSolution
		HideSolutionNode = FALSE
	EndGlobalSection
	GlobalSection(ExtensibilityGlobals) = postSolution
		SolutionGuid = {831302BC-5CCC-412B-8FA3-737479C723C6}
	EndGlobalSection
EndGlobal
